// !$*UTF8*$!
{
	archiveVersion = 1;
	classes = {
	};
	objectVersion = 50;
	objects = {

/* Begin PBXBuildFile section */
		A5E68D8A24EF4B3A0099CA5F /* AppDelegate.swift in Sources */ = {isa = PBXBuildFile; fileRef = A5E68D8924EF4B3A0099CA5F /* AppDelegate.swift */; };
		A5E68D8C24EF4B3A0099CA5F /* SceneDelegate.swift in Sources */ = {isa = PBXBuildFile; fileRef = A5E68D8B24EF4B3A0099CA5F /* SceneDelegate.swift */; };
		A5E68D8E24EF4B3A0099CA5F /* ViewController.swift in Sources */ = {isa = PBXBuildFile; fileRef = A5E68D8D24EF4B3A0099CA5F /* ViewController.swift */; };
		A5E68D9124EF4B3A0099CA5F /* Main.storyboard in Resources */ = {isa = PBXBuildFile; fileRef = A5E68D8F24EF4B3A0099CA5F /* Main.storyboard */; };
		A5E68D9324EF4B3C0099CA5F /* Assets.xcassets in Resources */ = {isa = PBXBuildFile; fileRef = A5E68D9224EF4B3C0099CA5F /* Assets.xcassets */; };
		A5E68D9624EF4B3C0099CA5F /* LaunchScreen.storyboard in Resources */ = {isa = PBXBuildFile; fileRef = A5E68D9424EF4B3C0099CA5F /* LaunchScreen.storyboard */; };
/* End PBXBuildFile section */

/* Begin PBXFileReference section */
		A5E68D8624EF4B3A0099CA5F /* GitHubFun.app */ = {isa = PBXFileReference; explicitFileType = wrapper.application; includeInIndex = 0; path = GitHubFun.app; sourceTree = BUILT_PRODUCTS_DIR; };
		A5E68D8924EF4B3A0099CA5F /* AppDelegate.swift */ = {isa = PBXFileReference; lastKnownFileType = sourcecode.swift; path = AppDelegate.swift; sourceTree = "<group>"; };
		A5E68D8B24EF4B3A0099CA5F /* SceneDelegate.swift */ = {isa = PBXFileReference; lastKnownFileType = sourcecode.swift; path = SceneDelegate.swift; sourceTree = "<group>"; };
		A5E68D8D24EF4B3A0099CA5F /* ViewController.swift */ = {isa = PBXFileReference; lastKnownFileType = sourcecode.swift; path = ViewController.swift; sourceTree = "<group>"; };
		A5E68D9024EF4B3A0099CA5F /* Base */ = {isa = PBXFileReference; lastKnownFileType = file.storyboard; name = Base; path = Base.lproj/Main.storyboard; sourceTree = "<group>"; };
		A5E68D9224EF4B3C0099CA5F /* Assets.xcassets */ = {isa = PBXFileReference; lastKnownFileType = folder.assetcatalog; path = Assets.xcassets; sourceTree = "<group>"; };
		A5E68D9524EF4B3C0099CA5F /* Base */ = {isa = PBXFileReference; lastKnownFileType = file.storyboard; name = Base; path = Base.lproj/LaunchScreen.storyboard; sourceTree = "<group>"; };
		A5E68D9724EF4B3C0099CA5F /* Info.plist */ = {isa = PBXFileReference; lastKnownFileType = text.plist.xml; path = Info.plist; sourceTree = "<group>"; };
/* End PBXFileReference section */

/* Begin PBXFrameworksBuildPhase section */
		A5E68D8324EF4B3A0099CA5F /* Frameworks */ = {
			isa = PBXFrameworksBuildPhase;
			buildActionMask = 2147483647;
			files = (
			);
			runOnlyForDeploymentPostprocessing = 0;
		};
/* End PBXFrameworksBuildPhase section */

/* Begin PBXGroup section */
		A5E68D7D24EF4B3A0099CA5F = {
			isa = PBXGroup;
			children = (
				A5E68D8824EF4B3A0099CA5F /* GitHubFun */,
				A5E68D8724EF4B3A0099CA5F /* Products */,
			);
			sourceTree = "<group>";
		};
		A5E68D8724EF4B3A0099CA5F /* Products */ = {
			isa = PBXGroup;
			children = (
				A5E68D8624EF4B3A0099CA5F /* GitHubFun.app */,
			);
			name = Products;
			sourceTree = "<group>";
		};
		A5E68D8824EF4B3A0099CA5F /* GitHubFun */ = {
			isa = PBXGroup;
			children = (
				A5E68D8924EF4B3A0099CA5F /* AppDelegate.swift */,
				A5E68D8B24EF4B3A0099CA5F /* SceneDelegate.swift */,
				A5E68D8D24EF4B3A0099CA5F /* ViewController.swift */,
				A5E68D8F24EF4B3A0099CA5F /* Main.storyboard */,
				A5E68D9224EF4B3C0099CA5F /* Assets.xcassets */,
				A5E68D9424EF4B3C0099CA5F /* LaunchScreen.storyboard */,
				A5E68D9724EF4B3C0099CA5F /* Info.plist */,
			);
			path = GitHubFun;
			sourceTree = "<group>";
		};
/* End PBXGroup section */

/* Begin PBXNativeTarget section */
		A5E68D8524EF4B3A0099CA5F /* GitHubFun */ = {
			isa = PBXNativeTarget;
			buildConfigurationList = A5E68D9A24EF4B3C0099CA5F /* Build configuration list for PBXNativeTarget "GitHubFun" */;
			buildPhases = (
				A5E68D8224EF4B3A0099CA5F /* Sources */,
				A5E68D8324EF4B3A0099CA5F /* Frameworks */,
				A5E68D8424EF4B3A0099CA5F /* Resources */,
			);
			buildRules = (
			);
			dependencies = (
			);
			name = GitHubFun;
			productName = GitHubFun;
			productReference = A5E68D8624EF4B3A0099CA5F /* GitHubFun.app */;
			productType = "com.apple.product-type.application";
		};
/* End PBXNativeTarget section */

/* Begin PBXProject section */
		A5E68D7E24EF4B3A0099CA5F /* Project object */ = {
			isa = PBXProject;
			attributes = {
				LastSwiftUpdateCheck = 1160;
				LastUpgradeCheck = 1160;
				ORGANIZATIONNAME = "Brian Kim";
				TargetAttributes = {
					A5E68D8524EF4B3A0099CA5F = {
						CreatedOnToolsVersion = 11.6;
					};
				};
			};
			buildConfigurationList = A5E68D8124EF4B3A0099CA5F /* Build configuration list for PBXProject "GitHubFun" */;
			compatibilityVersion = "Xcode 9.3";
			developmentRegion = en;
			hasScannedForEncodings = 0;
			knownRegions = (
				en,
				Base,
			);
			mainGroup = A5E68D7D24EF4B3A0099CA5F;
			productRefGroup = A5E68D8724EF4B3A0099CA5F /* Products */;
			projectDirPath = "";
			projectRoot = "";
			targets = (
				A5E68D8524EF4B3A0099CA5F /* GitHubFun */,
			);
		};
/* End PBXProject section */

/* Begin PBXResourcesBuildPhase section */
		A5E68D8424EF4B3A0099CA5F /* Resources */ = {
			isa = PBXResourcesBuildPhase;
			buildActionMask = 2147483647;
			files = (
				A5E68D9624EF4B3C0099CA5F /* LaunchScreen.storyboard in Resources */,
				A5E68D9324EF4B3C0099CA5F /* Assets.xcassets in Resources */,
				A5E68D9124EF4B3A0099CA5F /* Main.storyboard in Resources */,
			);
			runOnlyForDeploymentPostprocessing = 0;
		};
/* End PBXResourcesBuildPhase section */

/* Begin PBXSourcesBuildPhase section */
		A5E68D8224EF4B3A0099CA5F /* Sources */ = {
			isa = PBXSourcesBuildPhase;
			buildActionMask = 2147483647;
			files = (
				A5E68D8E24EF4B3A0099CA5F /* ViewController.swift in Sources */,
				A5E68D8A24EF4B3A0099CA5F /* AppDelegate.swift in Sources */,
				A5E68D8C24EF4B3A0099CA5F /* SceneDelegate.swift in Sources */,
			);
			runOnlyForDeploymentPostprocessing = 0;
		};
/* End PBXSourcesBuildPhase section */

/* Begin PBXVariantGroup section */
		A5E68D8F24EF4B3A0099CA5F /* Main.storyboard */ = {
			isa = PBXVariantGroup;
			children = (
				A5E68D9024EF4B3A0099CA5F /* Base */,
			);
			name = Main.storyboard;
			sourceTree = "<group>";
		};
		A5E68D9424EF4B3C0099CA5F /* LaunchScreen.storyboard */ = {
			isa = PBXVariantGroup;
			children = (
				A5E68D9524EF4B3C0099CA5F /* Base */,
			);
			name = LaunchScreen.storyboard;
			sourceTree = "<group>";
		};
/* End PBXVariantGroup section */

/* Begin XCBuildConfiguration section */
		A5E68D9824EF4B3C0099CA5F /* Debug */ = {
			isa = XCBuildConfiguration;
			buildSettings = {
				ALWAYS_SEARCH_USER_PATHS = NO;
				CLANG_ANALYZER_NONNULL = YES;
				CLANG_ANALYZER_NUMBER_OBJECT_CONVERSION = YES_AGGRESSIVE;
				CLANG_CXX_LANGUAGE_STANDARD = "gnu++14";
				CLANG_CXX_LIBRARY = "libc++";
				CLANG_ENABLE_MODULES = YES;
				CLANG_ENABLE_OBJC_ARC = YES;
				CLANG_ENABLE_OBJC_WEAK = YES;
				CLANG_WARN_BLOCK_CAPTURE_AUTORELEASING = YES;
				CLANG_WARN_BOOL_CONVERSION = YES;
				CLANG_WARN_COMMA = YES;
				CLANG_WARN_CONSTANT_CONVERSION = YES;
				CLANG_WARN_DEPRECATED_OBJC_IMPLEMENTATIONS = YES;
				CLANG_WARN_DIRECT_OBJC_ISA_USAGE = YES_ERROR;
				CLANG_WARN_DOCUMENTATION_COMMENTS = YES;
				CLANG_WARN_EMPTY_BODY = YES;
				CLANG_WARN_ENUM_CONVERSION = YES;
				CLANG_WARN_INFINITE_RECURSION = YES;
				CLANG_WARN_INT_CONVERSION = YES;
				CLANG_WARN_NON_LITERAL_NULL_CONVERSION = YES;
				CLANG_WARN_OBJC_IMPLICIT_RETAIN_SELF = YES;
				CLANG_WARN_OBJC_LITERAL_CONVERSION = YES;
				CLANG_WARN_OBJC_ROOT_CLASS = YES_ERROR;
				CLANG_WARN_RANGE_LOOP_ANALYSIS = YES;
				CLANG_WARN_STRICT_PROTOTYPES = YES;
				CLANG_WARN_SUSPICIOUS_MOVE = YES;
				CLANG_WARN_UNGUARDED_AVAILABILITY = YES_AGGRESSIVE;
				CLANG_WARN_UNREACHABLE_CODE = YES;
				CLANG_WARN__DUPLICATE_METHOD_MATCH = YES;
				COPY_PHASE_STRIP = NO;
				DEBUG_INFORMATION_FORMAT = dwarf;
				ENABLE_STRICT_OBJC_MSGSEND = YES;
				ENABLE_TESTABILITY = YES;
				GCC_C_LANGUAGE_STANDARD = gnu11;
				GCC_DYNAMIC_NO_PIC = NO;
				GCC_NO_COMMON_BLOCKS = YES;
				GCC_OPTIMIZATION_LEVEL = 0;
				GCC_PREPROCESSOR_DEFINITIONS = (
					"DEBUG=1",
					"$(inherited)",
				);
				GCC_WARN_64_TO_32_BIT_CONVERSION = YES;
				GCC_WARN_ABOUT_RETURN_TYPE = YES_ERROR;
				GCC_WARN_UNDECLARED_SELECTOR = YES;
				GCC_WARN_UNINITIALIZED_AUTOS = YES_AGGRESSIVE;
				GCC_WARN_UNUSED_FUNCTION = YES;
				GCC_WARN_UNUSED_VARIABLE = YES;
				IPHONEOS_DEPLOYMENT_TARGET = 13.6;
				MTL_ENABLE_DEBUG_INFO = INCLUDE_SOURCE;
				MTL_FAST_MATH = YES;
				ONLY_ACTIVE_ARCH = YES;
				SDKROOT = iphoneos;
				SWIFT_ACTIVE_COMPILATION_CONDITIONS = DEBUG;
				SWIFT_OPTIMIZATION_LEVEL = "-Onone";
			};
			name = Debug;
		};
		A5E68D9924EF4B3C0099CA5F /* Release */ = {
			isa = XCBuildConfiguration;
			buildSettings = {
				ALWAYS_SEARCH_USER_PATHS = NO;
				CLANG_ANALYZER_NONNULL = YES;
				CLANG_ANALYZER_NUMBER_OBJECT_CONVERSION = YES_AGGRESSIVE;
				CLANG_CXX_LANGUAGE_STANDARD = "gnu++14";
				CLANG_CXX_LIBRARY = "libc++";
				CLANG_ENABLE_MODULES = YES;
				CLANG_ENABLE_OBJC_ARC = YES;
				CLANG_ENABLE_OBJC_WEAK = YES;
				CLANG_WARN_BLOCK_CAPTURE_AUTORELEASING = YES;
				CLANG_WARN_BOOL_CONVERSION = YES;
				CLANG_WARN_COMMA = YES;
				CLANG_WARN_CONSTANT_CONVERSION = YES;
				CLANG_WARN_DEPRECATED_OBJC_IMPLEMENTATIONS = YES;
				CLANG_WARN_DIRECT_OBJC_ISA_USAGE = YES_ERROR;
				CLANG_WARN_DOCUMENTATION_COMMENTS = YES;
				CLANG_WARN_EMPTY_BODY = YES;
				CLANG_WARN_ENUM_CONVERSION = YES;
				CLANG_WARN_INFINITE_RECURSION = YES;
				CLANG_WARN_INT_CONVERSION = YES;
				CLANG_WARN_NON_LITERAL_NULL_CONVERSION = YES;
				CLANG_WARN_OBJC_IMPLICIT_RETAIN_SELF = YES;
				CLANG_WARN_OBJC_LITERAL_CONVERSION = YES;
				CLANG_WARN_OBJC_ROOT_CLASS = YES_ERROR;
				CLANG_WARN_RANGE_LOOP_ANALYSIS = YES;
				CLANG_WARN_STRICT_PROTOTYPES = YES;
				CLANG_WARN_SUSPICIOUS_MOVE = YES;
				CLANG_WARN_UNGUARDED_AVAILABILITY = YES_AGGRESSIVE;
				CLANG_WARN_UNREACHABLE_CODE = YES;
				CLANG_WARN__DUPLICATE_METHOD_MATCH = YES;
				COPY_PHASE_STRIP = NO;
				DEBUG_INFORMATION_FORMAT = "dwarf-with-dsym";
				ENABLE_NS_ASSERTIONS = NO;
				ENABLE_STRICT_OBJC_MSGSEND = YES;
				GCC_C_LANGUAGE_STANDARD = gnu11;
				GCC_NO_COMMON_BLOCKS = YES;
				GCC_WARN_64_TO_32_BIT_CONVERSION = YES;
				GCC_WARN_ABOUT_RETURN_TYPE = YES_ERROR;
				GCC_WARN_UNDECLARED_SELECTOR = YES;
				GCC_WARN_UNINITIALIZED_AUTOS = YES_AGGRESSIVE;
				GCC_WARN_UNUSED_FUNCTION = YES;
				GCC_WARN_UNUSED_VARIABLE = YES;
				IPHONEOS_DEPLOYMENT_TARGET = 13.6;
				MTL_ENABLE_DEBUG_INFO = NO;
				MTL_FAST_MATH = YES;
				SDKROOT = iphoneos;
				SWIFT_COMPILATION_MODE = wholemodule;
				SWIFT_OPTIMIZATION_LEVEL = "-O";
				VALIDATE_PRODUCT = YES;
			};
			name = Release;
		};
		A5E68D9B24EF4B3C0099CA5F /* Debug */ = {
			isa = XCBuildConfiguration;
			buildSettings = {
				ASSETCATALOG_COMPILER_APPICON_NAME = AppIcon;
				CODE_SIGN_STYLE = Automatic;
				INFOPLIST_FILE = GitHubFun/Info.plist;
				LD_RUNPATH_SEARCH_PATHS = (
					"$(inherited)",
					"@executable_path/Frameworks",
				);
				PRODUCT_BUNDLE_IDENTIFIER = "Brian-Kim.GitHubFun";
				PRODUCT_NAME = "$(TARGET_NAME)";
				SWIFT_VERSION = 5.0;
				TARGETED_DEVICE_FAMILY = "1,2";
			};
			name = Debug;
		};
		A5E68D9C24EF4B3C0099CA5F /* Release */ = {
			isa = XCBuildConfiguration;
			buildSettings = {
				ASSETCATALOG_COMPILER_APPICON_NAME = AppIcon;
				CODE_SIGN_STYLE = Automatic;
				INFOPLIST_FILE = GitHubFun/Info.plist;
				LD_RUNPATH_SEARCH_PATHS = (
					"$(inherited)",
					"@executable_path/Frameworks",
				);
				PRODUCT_BUNDLE_IDENTIFIER = "Brian-Kim.GitHubFun";
				PRODUCT_NAME = "$(TARGET_NAME)";
				SWIFT_VERSION = 5.0;
				TARGETED_DEVICE_FAMILY = "1,2";
			};
			name = Release;
		};
/* End XCBuildConfiguration section */

/* Begin XCConfigurationList section */
		A5E68D8124EF4B3A0099CA5F /* Build configuration list for PBXProject "GitHubFun" */ = {
			isa = XCConfigurationList;
			buildConfigurations = (
				A5E68D9824EF4B3C0099CA5F /* Debug */,
				A5E68D9924EF4B3C0099CA5F /* Release */,
			);
			defaultConfigurationIsVisible = 0;
			defaultConfigurationName = Release;
		};
		A5E68D9A24EF4B3C0099CA5F /* Build configuration list for PBXNativeTarget "GitHubFun" */ = {
			isa = XCConfigurationList;
			buildConfigurations = (
				A5E68D9B24EF4B3C0099CA5F /* Debug */,
				A5E68D9C24EF4B3C0099CA5F /* Release */,
			);
			defaultConfigurationIsVisible = 0;
			defaultConfigurationName = Release;
		};
/* End XCConfigurationList section */
	};
	rootObject = A5E68D7E24EF4B3A0099CA5F /* Project object */;
}
